// !$*UTF8*$!
{
	archiveVersion = 1;
	classes = {
	};
	objectVersion = 46;
	objects = {

/* Begin PBXBuildFile section */
		4CCDA86A1B29D7D00075EEA0 /* main.m in Sources */ = {isa = PBXBuildFile; fileRef = 4CCDA8691B29D7D00075EEA0 /* main.m */; };
		4CCDA86D1B29D7D00075EEA0 /* AppDelegate.m in Sources */ = {isa = PBXBuildFile; fileRef = 4CCDA86C1B29D7D00075EEA0 /* AppDelegate.m */; };
		4CCDA8701B29D7D00075EEA0 /* ViewController.m in Sources */ = {isa = PBXBuildFile; fileRef = 4CCDA86F1B29D7D00075EEA0 /* ViewController.m */; };
		4CCDA8731B29D7D00075EEA0 /* Main.storyboard in Resources */ = {isa = PBXBuildFile; fileRef = 4CCDA8711B29D7D00075EEA0 /* Main.storyboard */; };
		4CCDA8751B29D7D00075EEA0 /* Images.xcassets in Resources */ = {isa = PBXBuildFile; fileRef = 4CCDA8741B29D7D00075EEA0 /* Images.xcassets */; };
		4CCDA8781B29D7D00075EEA0 /* LaunchScreen.xib in Resources */ = {isa = PBXBuildFile; fileRef = 4CCDA8761B29D7D00075EEA0 /* LaunchScreen.xib */; };
		4CCDA8841B29D7D00075EEA0 /* EllipsisLoadingViewDemoTests.m in Sources */ = {isa = PBXBuildFile; fileRef = 4CCDA8831B29D7D00075EEA0 /* EllipsisLoadingViewDemoTests.m */; };
/* End PBXBuildFile section */

/* Begin PBXContainerItemProxy section */
		4CCDA87E1B29D7D00075EEA0 /* PBXContainerItemProxy */ = {
			isa = PBXContainerItemProxy;
			containerPortal = 4CCDA85C1B29D7D00075EEA0 /* Project object */;
			proxyType = 1;
			remoteGlobalIDString = 4CCDA8631B29D7D00075EEA0;
			remoteInfo = EllipsisLoadingViewDemo;
		};
/* End PBXContainerItemProxy section */

/* Begin PBXFileReference section */
		4CCDA8641B29D7D00075EEA0 /* EllipsisLoadingViewDemo.app */ = {isa = PBXFileReference; explicitFileType = wrapper.application; includeInIndex = 0; path = EllipsisLoadingViewDemo.app; sourceTree = BUILT_PRODUCTS_DIR; };
		4CCDA8681B29D7D00075EEA0 /* Info.plist */ = {isa = PBXFileReference; lastKnownFileType = text.plist.xml; path = Info.plist; sourceTree = "<group>"; };
		4CCDA8691B29D7D00075EEA0 /* main.m */ = {isa = PBXFileReference; lastKnownFileType = sourcecode.c.objc; path = main.m; sourceTree = "<group>"; };
		4CCDA86B1B29D7D00075EEA0 /* AppDelegate.h */ = {isa = PBXFileReference; lastKnownFileType = sourcecode.c.h; path = AppDelegate.h; sourceTree = "<group>"; };
		4CCDA86C1B29D7D00075EEA0 /* AppDelegate.m */ = {isa = PBXFileReference; lastKnownFileType = sourcecode.c.objc; path = AppDelegate.m; sourceTree = "<group>"; };
		4CCDA86E1B29D7D00075EEA0 /* ViewController.h */ = {isa = PBXFileReference; lastKnownFileType = sourcecode.c.h; path = ViewController.h; sourceTree = "<group>"; };
		4CCDA86F1B29D7D00075EEA0 /* ViewController.m */ = {isa = PBXFileReference; lastKnownFileType = sourcecode.c.objc; path = ViewController.m; sourceTree = "<group>"; };
		4CCDA8721B29D7D00075EEA0 /* Base */ = {isa = PBXFileReference; lastKnownFileType = file.storyboard; name = Base; path = Base.lproj/Main.storyboard; sourceTree = "<group>"; };
		4CCDA8741B29D7D00075EEA0 /* Images.xcassets */ = {isa = PBXFileReference; lastKnownFileType = folder.assetcatalog; path = Images.xcassets; sourceTree = "<group>"; };
		4CCDA8771B29D7D00075EEA0 /* Base */ = {isa = PBXFileReference; lastKnownFileType = file.xib; name = Base; path = Base.lproj/LaunchScreen.xib; sourceTree = "<group>"; };
		4CCDA87D1B29D7D00075EEA0 /* EllipsisLoadingViewDemoTests.xctest */ = {isa = PBXFileReference; explicitFileType = wrapper.cfbundle; includeInIndex = 0; path = EllipsisLoadingViewDemoTests.xctest; sourceTree = BUILT_PRODUCTS_DIR; };
		4CCDA8821B29D7D00075EEA0 /* Info.plist */ = {isa = PBXFileReference; lastKnownFileType = text.plist.xml; path = Info.plist; sourceTree = "<group>"; };
		4CCDA8831B29D7D00075EEA0 /* EllipsisLoadingViewDemoTests.m */ = {isa = PBXFileReference; lastKnownFileType = sourcecode.c.objc; path = EllipsisLoadingViewDemoTests.m; sourceTree = "<group>"; };
/* End PBXFileReference section */

/* Begin PBXFrameworksBuildPhase section */
		4CCDA8611B29D7D00075EEA0 /* Frameworks */ = {
			isa = PBXFrameworksBuildPhase;
			buildActionMask = 2147483647;
			files = (
			);
			runOnlyForDeploymentPostprocessing = 0;
		};
		4CCDA87A1B29D7D00075EEA0 /* Frameworks */ = {
			isa = PBXFrameworksBuildPhase;
			buildActionMask = 2147483647;
			files = (
			);
			runOnlyForDeploymentPostprocessing = 0;
		};
/* End PBXFrameworksBuildPhase section */

/* Begin PBXGroup section */
		4CCDA85B1B29D7D00075EEA0 = {
			isa = PBXGroup;
			children = (
				4CCDA8661B29D7D00075EEA0 /* EllipsisLoadingViewDemo */,
				4CCDA8801B29D7D00075EEA0 /* EllipsisLoadingViewDemoTests */,
				4CCDA8651B29D7D00075EEA0 /* Products */,
			);
			sourceTree = "<group>";
		};
		4CCDA8651B29D7D00075EEA0 /* Products */ = {
			isa = PBXGroup;
			children = (
				4CCDA8641B29D7D00075EEA0 /* EllipsisLoadingViewDemo.app */,
				4CCDA87D1B29D7D00075EEA0 /* EllipsisLoadingViewDemoTests.xctest */,
			);
			name = Products;
			sourceTree = "<group>";
		};
		4CCDA8661B29D7D00075EEA0 /* EllipsisLoadingViewDemo */ = {
			isa = PBXGroup;
			children = (
				4CCDA86B1B29D7D00075EEA0 /* AppDelegate.h */,
				4CCDA86C1B29D7D00075EEA0 /* AppDelegate.m */,
				4CCDA86E1B29D7D00075EEA0 /* ViewController.h */,
				4CCDA86F1B29D7D00075EEA0 /* ViewController.m */,
				4CCDA8711B29D7D00075EEA0 /* Main.storyboard */,
				4CCDA8741B29D7D00075EEA0 /* Images.xcassets */,
				4CCDA8761B29D7D00075EEA0 /* LaunchScreen.xib */,
				4CCDA8671B29D7D00075EEA0 /* Supporting Files */,
			);
			path = EllipsisLoadingViewDemo;
			sourceTree = "<group>";
		};
		4CCDA8671B29D7D00075EEA0 /* Supporting Files */ = {
			isa = PBXGroup;
			children = (
				4CCDA8681B29D7D00075EEA0 /* Info.plist */,
				4CCDA8691B29D7D00075EEA0 /* main.m */,
			);
			name = "Supporting Files";
			sourceTree = "<group>";
		};
		4CCDA8801B29D7D00075EEA0 /* EllipsisLoadingViewDemoTests */ = {
			isa = PBXGroup;
			children = (
				4CCDA8831B29D7D00075EEA0 /* EllipsisLoadingViewDemoTests.m */,
				4CCDA8811B29D7D00075EEA0 /* Supporting Files */,
			);
			path = EllipsisLoadingViewDemoTests;
			sourceTree = "<group>";
		};
		4CCDA8811B29D7D00075EEA0 /* Supporting Files */ = {
			isa = PBXGroup;
			children = (
				4CCDA8821B29D7D00075EEA0 /* Info.plist */,
			);
			name = "Supporting Files";
			sourceTree = "<group>";
		};
/* End PBXGroup section */

/* Begin PBXNativeTarget section */
		4CCDA8631B29D7D00075EEA0 /* EllipsisLoadingViewDemo */ = {
			isa = PBXNativeTarget;
			buildConfigurationList = 4CCDA8871B29D7D00075EEA0 /* Build configuration list for PBXNativeTarget "EllipsisLoadingViewDemo" */;
			buildPhases = (
				4CCDA8601B29D7D00075EEA0 /* Sources */,
				4CCDA8611B29D7D00075EEA0 /* Frameworks */,
				4CCDA8621B29D7D00075EEA0 /* Resources */,
			);
			buildRules = (
			);
			dependencies = (
			);
			name = EllipsisLoadingViewDemo;
			productName = EllipsisLoadingViewDemo;
			productReference = 4CCDA8641B29D7D00075EEA0 /* EllipsisLoadingViewDemo.app */;
			productType = "com.apple.product-type.application";
		};
		4CCDA87C1B29D7D00075EEA0 /* EllipsisLoadingViewDemoTests */ = {
			isa = PBXNativeTarget;
			buildConfigurationList = 4CCDA88A1B29D7D00075EEA0 /* Build configuration list for PBXNativeTarget "EllipsisLoadingViewDemoTests" */;
			buildPhases = (
				4CCDA8791B29D7D00075EEA0 /* Sources */,
				4CCDA87A1B29D7D00075EEA0 /* Frameworks */,
				4CCDA87B1B29D7D00075EEA0 /* Resources */,
			);
			buildRules = (
			);
			dependencies = (
				4CCDA87F1B29D7D00075EEA0 /* PBXTargetDependency */,
			);
			name = EllipsisLoadingViewDemoTests;
			productName = EllipsisLoadingViewDemoTests;
			productReference = 4CCDA87D1B29D7D00075EEA0 /* EllipsisLoadingViewDemoTests.xctest */;
			productType = "com.apple.product-type.bundle.unit-test";
		};
/* End PBXNativeTarget section */

/* Begin PBXProject section */
		4CCDA85C1B29D7D00075EEA0 /* Project object */ = {
			isa = PBXProject;
			attributes = {
				LastUpgradeCheck = 0630;
				ORGANIZATIONNAME = "Odie Edo-Osagie";
				TargetAttributes = {
					4CCDA8631B29D7D00075EEA0 = {
						CreatedOnToolsVersion = 6.3.1;
					};
					4CCDA87C1B29D7D00075EEA0 = {
						CreatedOnToolsVersion = 6.3.1;
						TestTargetID = 4CCDA8631B29D7D00075EEA0;
					};
				};
			};
			buildConfigurationList = 4CCDA85F1B29D7D00075EEA0 /* Build configuration list for PBXProject "EllipsisLoadingViewDemo" */;
			compatibilityVersion = "Xcode 3.2";
			developmentRegion = English;
			hasScannedForEncodings = 0;
			knownRegions = (
				en,
				Base,
			);
			mainGroup = 4CCDA85B1B29D7D00075EEA0;
			productRefGroup = 4CCDA8651B29D7D00075EEA0 /* Products */;
			projectDirPath = "";
			projectRoot = "";
			targets = (
				4CCDA8631B29D7D00075EEA0 /* EllipsisLoadingViewDemo */,
				4CCDA87C1B29D7D00075EEA0 /* EllipsisLoadingViewDemoTests */,
			);
		};
/* End PBXProject section */

/* Begin PBXResourcesBuildPhase section */
		4CCDA8621B29D7D00075EEA0 /* Resources */ = {
			isa = PBXResourcesBuildPhase;
			buildActionMask = 2147483647;
			files = (
				4CCDA8731B29D7D00075EEA0 /* Main.storyboard in Resources */,
				4CCDA8781B29D7D00075EEA0 /* LaunchScreen.xib in Resources */,
				4CCDA8751B29D7D00075EEA0 /* Images.xcassets in Resources */,
			);
			runOnlyForDeploymentPostprocessing = 0;
		};
		4CCDA87B1B29D7D00075EEA0 /* Resources */ = {
			isa = PBXResourcesBuildPhase;
			buildActionMask = 2147483647;
			files = (
			);
			runOnlyForDeploymentPostprocessing = 0;
		};
/* End PBXResourcesBuildPhase section */

/* Begin PBXSourcesBuildPhase section */
		4CCDA8601B29D7D00075EEA0 /* Sources */ = {
			isa = PBXSourcesBuildPhase;
			buildActionMask = 2147483647;
			files = (
				4CCDA8701B29D7D00075EEA0 /* ViewController.m in Sources */,
				4CCDA86D1B29D7D00075EEA0 /* AppDelegate.m in Sources */,
				4CCDA86A1B29D7D00075EEA0 /* main.m in Sources */,
			);
			runOnlyForDeploymentPostprocessing = 0;
		};
		4CCDA8791B29D7D00075EEA0 /* Sources */ = {
			isa = PBXSourcesBuildPhase;
			buildActionMask = 2147483647;
			files = (
				4CCDA8841B29D7D00075EEA0 /* EllipsisLoadingViewDemoTests.m in Sources */,
			);
			runOnlyForDeploymentPostprocessing = 0;
		};
/* End PBXSourcesBuildPhase section */

/* Begin PBXTargetDependency section */
		4CCDA87F1B29D7D00075EEA0 /* PBXTargetDependency */ = {
			isa = PBXTargetDependency;
			target = 4CCDA8631B29D7D00075EEA0 /* EllipsisLoadingViewDemo */;
			targetProxy = 4CCDA87E1B29D7D00075EEA0 /* PBXContainerItemProxy */;
		};
/* End PBXTargetDependency section */

/* Begin PBXVariantGroup section */
		4CCDA8711B29D7D00075EEA0 /* Main.storyboard */ = {
			isa = PBXVariantGroup;
			children = (
				4CCDA8721B29D7D00075EEA0 /* Base */,
			);
			name = Main.storyboard;
			sourceTree = "<group>";
		};
		4CCDA8761B29D7D00075EEA0 /* LaunchScreen.xib */ = {
			isa = PBXVariantGroup;
			children = (
				4CCDA8771B29D7D00075EEA0 /* Base */,
			);
			name = LaunchScreen.xib;
			sourceTree = "<group>";
		};
/* End PBXVariantGroup section */

/* Begin XCBuildConfiguration section */
		4CCDA8851B29D7D00075EEA0 /* Debug */ = {
			isa = XCBuildConfiguration;
			buildSettings = {
				ALWAYS_SEARCH_USER_PATHS = NO;
				CLANG_CXX_LANGUAGE_STANDARD = "gnu++0x";
				CLANG_CXX_LIBRARY = "libc++";
				CLANG_ENABLE_MODULES = YES;
				CLANG_ENABLE_OBJC_ARC = YES;
				CLANG_WARN_BOOL_CONVERSION = YES;
				CLANG_WARN_CONSTANT_CONVERSION = YES;
				CLANG_WARN_DIRECT_OBJC_ISA_USAGE = YES_ERROR;
				CLANG_WARN_EMPTY_BODY = YES;
				CLANG_WARN_ENUM_CONVERSION = YES;
				CLANG_WARN_INT_CONVERSION = YES;
				CLANG_WARN_OBJC_ROOT_CLASS = YES_ERROR;
				CLANG_WARN_UNREACHABLE_CODE = YES;
				CLANG_WARN__DUPLICATE_METHOD_MATCH = YES;
				"CODE_SIGN_IDENTITY[sdk=iphoneos*]" = "iPhone Developer";
				COPY_PHASE_STRIP = NO;
				DEBUG_INFORMATION_FORMAT = "dwarf-with-dsym";
				ENABLE_STRICT_OBJC_MSGSEND = YES;
				GCC_C_LANGUAGE_STANDARD = gnu99;
				GCC_DYNAMIC_NO_PIC = NO;
				GCC_NO_COMMON_BLOCKS = YES;
				GCC_OPTIMIZATION_LEVEL = 0;
				GCC_PREPROCESSOR_DEFINITIONS = (
					"DEBUG=1",
					"$(inherited)",
				);
				GCC_SYMBOLS_PRIVATE_EXTERN = NO;
				GCC_WARN_64_TO_32_BIT_CONVERSION = YES;
				GCC_WARN_ABOUT_RETURN_TYPE = YES_ERROR;
				GCC_WARN_UNDECLARED_SELECTOR = YES;
				GCC_WARN_UNINITIALIZED_AUTOS = YES_AGGRESSIVE;
				GCC_WARN_UNUSED_FUNCTION = YES;
				GCC_WARN_UNUSED_VARIABLE = YES;
				IPHONEOS_DEPLOYMENT_TARGET = 8.3;
				MTL_ENABLE_DEBUG_INFO = YES;
				ONLY_ACTIVE_ARCH = YES;
				SDKROOT = iphoneos;
			};
			name = Debug;
		};
		4CCDA8861B29D7D00075EEA0 /* Release */ = {
			isa = XCBuildConfiguration;
			buildSettings = {
				ALWAYS_SEARCH_USER_PATHS = NO;
				CLANG_CXX_LANGUAGE_STANDARD = "gnu++0x";
				CLANG_CXX_LIBRARY = "libc++";
				CLANG_ENABLE_MODULES = YES;
				CLANG_ENABLE_OBJC_ARC = YES;
				CLANG_WARN_BOOL_CONVERSION = YES;
				CLANG_WARN_CONSTANT_CONVERSION = YES;
				CLANG_WARN_DIRECT_OBJC_ISA_USAGE = YES_ERROR;
				CLANG_WARN_EMPTY_BODY = YES;
				CLANG_WARN_ENUM_CONVERSION = YES;
				CLANG_WARN_INT_CONVERSION = YES;
				CLANG_WARN_OBJC_ROOT_CLASS = YES_ERROR;
				CLANG_WARN_UNREACHABLE_CODE = YES;
				CLANG_WARN__DUPLICATE_METHOD_MATCH = YES;
				"CODE_SIGN_IDENTITY[sdk=iphoneos*]" = "iPhone Developer";
				COPY_PHASE_STRIP = NO;
				DEBUG_INFORMATION_FORMAT = "dwarf-with-dsym";
				ENABLE_NS_ASSERTIONS = NO;
				ENABLE_STRICT_OBJC_MSGSEND = YES;
				GCC_C_LANGUAGE_STANDARD = gnu99;
				GCC_NO_COMMON_BLOCKS = YES;
				GCC_WARN_64_TO_32_BIT_CONVERSION = YES;
				GCC_WARN_ABOUT_RETURN_TYPE = YES_ERROR;
				GCC_WARN_UNDECLARED_SELECTOR = YES;
				GCC_WARN_UNINITIALIZED_AUTOS = YES_AGGRESSIVE;
				GCC_WARN_UNUSED_FUNCTION = YES;
				GCC_WARN_UNUSED_VARIABLE = YES;
				IPHONEOS_DEPLOYMENT_TARGET = 8.3;
				MTL_ENABLE_DEBUG_INFO = NO;
				SDKROOT = iphoneos;
				VALIDATE_PRODUCT = YES;
			};
			name = Release;
		};
		4CCDA8881B29D7D00075EEA0 /* Debug */ = {
			isa = XCBuildConfiguration;
			buildSettings = {
				ASSETCATALOG_COMPILER_APPICON_NAME = AppIcon;
				INFOPLIST_FILE = EllipsisLoadingViewDemo/Info.plist;
				LD_RUNPATH_SEARCH_PATHS = "$(inherited) @executable_path/Frameworks";
				PRODUCT_NAME = "$(TARGET_NAME)";
			};
			name = Debug;
		};
		4CCDA8891B29D7D00075EEA0 /* Release */ = {
			isa = XCBuildConfiguration;
			buildSettings = {
				ASSETCATALOG_COMPILER_APPICON_NAME = AppIcon;
				INFOPLIST_FILE = EllipsisLoadingViewDemo/Info.plist;
				LD_RUNPATH_SEARCH_PATHS = "$(inherited) @executable_path/Frameworks";
				PRODUCT_NAME = "$(TARGET_NAME)";
			};
			name = Release;
		};
		4CCDA88B1B29D7D00075EEA0 /* Debug */ = {
			isa = XCBuildConfiguration;
			buildSettings = {
				BUNDLE_LOADER = "$(TEST_HOST)";
				FRAMEWORK_SEARCH_PATHS = (
					"$(SDKROOT)/Developer/Library/Frameworks",
					"$(inherited)",
				);
				GCC_PREPROCESSOR_DEFINITIONS = (
					"DEBUG=1",
					"$(inherited)",
				);
				INFOPLIST_FILE = EllipsisLoadingViewDemoTests/Info.plist;
				LD_RUNPATH_SEARCH_PATHS = "$(inherited) @executable_path/Frameworks @loader_path/Frameworks";
				PRODUCT_NAME = "$(TARGET_NAME)";
				TEST_HOST = "$(BUILT_PRODUCTS_DIR)/EllipsisLoadingViewDemo.app/EllipsisLoadingViewDemo";
			};
			name = Debug;
		};
		4CCDA88C1B29D7D00075EEA0 /* Release */ = {
			isa = XCBuildConfiguration;
			buildSettings = {
				BUNDLE_LOADER = "$(TEST_HOST)";
				FRAMEWORK_SEARCH_PATHS = (
					"$(SDKROOT)/Developer/Library/Frameworks",
					"$(inherited)",
				);
				INFOPLIST_FILE = EllipsisLoadingViewDemoTests/Info.plist;
				LD_RUNPATH_SEARCH_PATHS = "$(inherited) @executable_path/Frameworks @loader_path/Frameworks";
				PRODUCT_NAME = "$(TARGET_NAME)";
				TEST_HOST = "$(BUILT_PRODUCTS_DIR)/EllipsisLoadingViewDemo.app/EllipsisLoadingViewDemo";
			};
			name = Release;
		};
/* End XCBuildConfiguration section */

/* Begin XCConfigurationList section */
		4CCDA85F1B29D7D00075EEA0 /* Build configuration list for PBXProject "EllipsisLoadingViewDemo" */ = {
			isa = XCConfigurationList;
			buildConfigurations = (
				4CCDA8851B29D7D00075EEA0 /* Debug */,
				4CCDA8861B29D7D00075EEA0 /* Release */,
			);
			defaultConfigurationIsVisible = 0;
			defaultConfigurationName = Release;
		};
		4CCDA8871B29D7D00075EEA0 /* Build configuration list for PBXNativeTarget "EllipsisLoadingViewDemo" */ = {
			isa = XCConfigurationList;
			buildConfigurations = (
				4CCDA8881B29D7D00075EEA0 /* Debug */,
				4CCDA8891B29D7D00075EEA0 /* Release */,
			);
			defaultConfigurationIsVisible = 0;
		};
		4CCDA88A1B29D7D00075EEA0 /* Build configuration list for PBXNativeTarget "EllipsisLoadingViewDemoTests" */ = {
			isa = XCConfigurationList;
			buildConfigurations = (
				4CCDA88B1B29D7D00075EEA0 /* Debug */,
				4CCDA88C1B29D7D00075EEA0 /* Release */,
			);
			defaultConfigurationIsVisible = 0;
		};
/* End XCConfigurationList section */
	};
	rootObject = 4CCDA85C1B29D7D00075EEA0 /* Project object */;
}
